// !$*UTF8*$!
{
	archiveVersion = 1;
	classes = {
	};
	objectVersion = 46;
	objects = {

/* Begin PBXBuildFile section */
		7A5E50F61E8CA647002B3B43 /* PhotosViewController.swift in Sources */ = {isa = PBXBuildFile; fileRef = 7A5E50F51E8CA647002B3B43 /* PhotosViewController.swift */; };
		7A5E50F81E8CAB9D002B3B43 /* PhotoCell.swift in Sources */ = {isa = PBXBuildFile; fileRef = 7A5E50F71E8CAB9D002B3B43 /* PhotoCell.swift */; };
		7A6E62AD1E8CA2C2003A8A24 /* AppDelegate.swift in Sources */ = {isa = PBXBuildFile; fileRef = 7A6E62AC1E8CA2C2003A8A24 /* AppDelegate.swift */; };
		7A6E62B21E8CA2C2003A8A24 /* Main.storyboard in Resources */ = {isa = PBXBuildFile; fileRef = 7A6E62B01E8CA2C2003A8A24 /* Main.storyboard */; };
		7A6E62B41E8CA2C2003A8A24 /* Assets.xcassets in Resources */ = {isa = PBXBuildFile; fileRef = 7A6E62B31E8CA2C2003A8A24 /* Assets.xcassets */; };
		7A6E62B71E8CA2C2003A8A24 /* LaunchScreen.storyboard in Resources */ = {isa = PBXBuildFile; fileRef = 7A6E62B51E8CA2C2003A8A24 /* LaunchScreen.storyboard */; };
		BE4D17191E8CB3C200923B4E /* PhotoDetailsViewController.swift in Sources */ = {isa = PBXBuildFile; fileRef = BE4D17181E8CB3C200923B4E /* PhotoDetailsViewController.swift */; };
		D34E20B81E5F2EA3F6A00DB7 /* Pods_TumblrClone.framework in Frameworks */ = {isa = PBXBuildFile; fileRef = BD97F938A16D47F68D51748E /* Pods_TumblrClone.framework */; };
/* End PBXBuildFile section */

/* Begin PBXFileReference section */
		091B0BFD164994C716D3A6D5 /* Pods-TumblrClone.debug.xcconfig */ = {isa = PBXFileReference; includeInIndex = 1; lastKnownFileType = text.xcconfig; name = "Pods-TumblrClone.debug.xcconfig"; path = "Pods/Target Support Files/Pods-TumblrClone/Pods-TumblrClone.debug.xcconfig"; sourceTree = "<group>"; };
		1A2FE4453B01B79AE42B8548 /* Pods-TumblrClone.release.xcconfig */ = {isa = PBXFileReference; includeInIndex = 1; lastKnownFileType = text.xcconfig; name = "Pods-TumblrClone.release.xcconfig"; path = "Pods/Target Support Files/Pods-TumblrClone/Pods-TumblrClone.release.xcconfig"; sourceTree = "<group>"; };
		7A5E50F51E8CA647002B3B43 /* PhotosViewController.swift */ = {isa = PBXFileReference; fileEncoding = 4; lastKnownFileType = sourcecode.swift; path = PhotosViewController.swift; sourceTree = "<group>"; };
		7A5E50F71E8CAB9D002B3B43 /* PhotoCell.swift */ = {isa = PBXFileReference; fileEncoding = 4; lastKnownFileType = sourcecode.swift; path = PhotoCell.swift; sourceTree = "<group>"; };
		7A6E62A91E8CA2C2003A8A24 /* TumblrClone.app */ = {isa = PBXFileReference; explicitFileType = wrapper.application; includeInIndex = 0; path = TumblrClone.app; sourceTree = BUILT_PRODUCTS_DIR; };
		7A6E62AC1E8CA2C2003A8A24 /* AppDelegate.swift */ = {isa = PBXFileReference; lastKnownFileType = sourcecode.swift; path = AppDelegate.swift; sourceTree = "<group>"; };
		7A6E62B11E8CA2C2003A8A24 /* Base */ = {isa = PBXFileReference; lastKnownFileType = file.storyboard; name = Base; path = Base.lproj/Main.storyboard; sourceTree = "<group>"; };
		7A6E62B31E8CA2C2003A8A24 /* Assets.xcassets */ = {isa = PBXFileReference; lastKnownFileType = folder.assetcatalog; path = Assets.xcassets; sourceTree = "<group>"; };
		7A6E62B61E8CA2C2003A8A24 /* Base */ = {isa = PBXFileReference; lastKnownFileType = file.storyboard; name = Base; path = Base.lproj/LaunchScreen.storyboard; sourceTree = "<group>"; };
		7A6E62B81E8CA2C2003A8A24 /* Info.plist */ = {isa = PBXFileReference; lastKnownFileType = text.plist.xml; path = Info.plist; sourceTree = "<group>"; };
		BD97F938A16D47F68D51748E /* Pods_TumblrClone.framework */ = {isa = PBXFileReference; explicitFileType = wrapper.framework; includeInIndex = 0; path = Pods_TumblrClone.framework; sourceTree = BUILT_PRODUCTS_DIR; };
		BE4D17181E8CB3C200923B4E /* PhotoDetailsViewController.swift */ = {isa = PBXFileReference; fileEncoding = 4; lastKnownFileType = sourcecode.swift; path = PhotoDetailsViewController.swift; sourceTree = "<group>"; };
/* End PBXFileReference section */

/* Begin PBXFrameworksBuildPhase section */
		7A6E62A61E8CA2C1003A8A24 /* Frameworks */ = {
			isa = PBXFrameworksBuildPhase;
			buildActionMask = 2147483647;
			files = (
				D34E20B81E5F2EA3F6A00DB7 /* Pods_TumblrClone.framework in Frameworks */,
			);
			runOnlyForDeploymentPostprocessing = 0;
		};
/* End PBXFrameworksBuildPhase section */

/* Begin PBXGroup section */
		7A6E62A01E8CA2C1003A8A24 = {
			isa = PBXGroup;
			children = (
				7A6E62AB1E8CA2C2003A8A24 /* TumblrClone */,
				7A6E62AA1E8CA2C2003A8A24 /* Products */,
				B1BDB5EFC9DB6B4AE1DFA054 /* Pods */,
				F438097412FAB3EF7F93D9B8 /* Frameworks */,
			);
			sourceTree = "<group>";
		};
		7A6E62AA1E8CA2C2003A8A24 /* Products */ = {
			isa = PBXGroup;
			children = (
				7A6E62A91E8CA2C2003A8A24 /* TumblrClone.app */,
			);
			name = Products;
			sourceTree = "<group>";
		};
		7A6E62AB1E8CA2C2003A8A24 /* TumblrClone */ = {
			isa = PBXGroup;
			children = (
				7A6E62AC1E8CA2C2003A8A24 /* AppDelegate.swift */,
				7A6E62B01E8CA2C2003A8A24 /* Main.storyboard */,
				7A5E50F71E8CAB9D002B3B43 /* PhotoCell.swift */,
				7A6E62B31E8CA2C2003A8A24 /* Assets.xcassets */,
				7A6E62B51E8CA2C2003A8A24 /* LaunchScreen.storyboard */,
				7A6E62B81E8CA2C2003A8A24 /* Info.plist */,
				7A5E50F51E8CA647002B3B43 /* PhotosViewController.swift */,
				BE4D17181E8CB3C200923B4E /* PhotoDetailsViewController.swift */,
			);
			path = TumblrClone;
			sourceTree = "<group>";
		};
		B1BDB5EFC9DB6B4AE1DFA054 /* Pods */ = {
			isa = PBXGroup;
			children = (
				091B0BFD164994C716D3A6D5 /* Pods-TumblrClone.debug.xcconfig */,
				1A2FE4453B01B79AE42B8548 /* Pods-TumblrClone.release.xcconfig */,
			);
			name = Pods;
			sourceTree = "<group>";
		};
		F438097412FAB3EF7F93D9B8 /* Frameworks */ = {
			isa = PBXGroup;
			children = (
				BD97F938A16D47F68D51748E /* Pods_TumblrClone.framework */,
			);
			name = Frameworks;
			sourceTree = "<group>";
		};
/* End PBXGroup section */

/* Begin PBXNativeTarget section */
		7A6E62A81E8CA2C1003A8A24 /* TumblrClone */ = {
			isa = PBXNativeTarget;
			buildConfigurationList = 7A6E62BB1E8CA2C2003A8A24 /* Build configuration list for PBXNativeTarget "TumblrClone" */;
			buildPhases = (
				A719FF0EC63EC8447EE89AF9 /* [CP] Check Pods Manifest.lock */,
				7A6E62A51E8CA2C1003A8A24 /* Sources */,
				7A6E62A61E8CA2C1003A8A24 /* Frameworks */,
				7A6E62A71E8CA2C1003A8A24 /* Resources */,
				F845589266D41A1811300812 /* [CP] Embed Pods Frameworks */,
				8C9F549B198A476F31FA0A10 /* [CP] Copy Pods Resources */,
			);
			buildRules = (
			);
			dependencies = (
			);
			name = TumblrClone;
			productName = TumblrClone;
			productReference = 7A6E62A91E8CA2C2003A8A24 /* TumblrClone.app */;
			productType = "com.apple.product-type.application";
		};
/* End PBXNativeTarget section */

/* Begin PBXProject section */
		7A6E62A11E8CA2C1003A8A24 /* Project object */ = {
			isa = PBXProject;
			attributes = {
				LastSwiftUpdateCheck = 0820;
				LastUpgradeCheck = 0820;
				ORGANIZATIONNAME = Codepath;
				TargetAttributes = {
					7A6E62A81E8CA2C1003A8A24 = {
						CreatedOnToolsVersion = 8.2.1;
						ProvisioningStyle = Automatic;
					};
				};
			};
			buildConfigurationList = 7A6E62A41E8CA2C1003A8A24 /* Build configuration list for PBXProject "TumblrClone" */;
			compatibilityVersion = "Xcode 3.2";
			developmentRegion = English;
			hasScannedForEncodings = 0;
			knownRegions = (
				en,
				Base,
			);
			mainGroup = 7A6E62A01E8CA2C1003A8A24;
			productRefGroup = 7A6E62AA1E8CA2C2003A8A24 /* Products */;
			projectDirPath = "";
			projectRoot = "";
			targets = (
				7A6E62A81E8CA2C1003A8A24 /* TumblrClone */,
			);
		};
/* End PBXProject section */

/* Begin PBXResourcesBuildPhase section */
		7A6E62A71E8CA2C1003A8A24 /* Resources */ = {
			isa = PBXResourcesBuildPhase;
			buildActionMask = 2147483647;
			files = (
				7A6E62B71E8CA2C2003A8A24 /* LaunchScreen.storyboard in Resources */,
				7A6E62B41E8CA2C2003A8A24 /* Assets.xcassets in Resources */,
				7A6E62B21E8CA2C2003A8A24 /* Main.storyboard in Resources */,
			);
			runOnlyForDeploymentPostprocessing = 0;
		};
/* End PBXResourcesBuildPhase section */

/* Begin PBXShellScriptBuildPhase section */
		8C9F549B198A476F31FA0A10 /* [CP] Copy Pods Resources */ = {
			isa = PBXShellScriptBuildPhase;
			buildActionMask = 2147483647;
			files = (
			);
			inputPaths = (
			);
			name = "[CP] Copy Pods Resources";
			outputPaths = (
			);
			runOnlyForDeploymentPostprocessing = 0;
			shellPath = /bin/sh;
			shellScript = "\"${SRCROOT}/Pods/Target Support Files/Pods-TumblrClone/Pods-TumblrClone-resources.sh\"\n";
			showEnvVarsInLog = 0;
		};
		A719FF0EC63EC8447EE89AF9 /* [CP] Check Pods Manifest.lock */ = {
			isa = PBXShellScriptBuildPhase;
			buildActionMask = 2147483647;
			files = (
			);
			inputPaths = (
			);
			name = "[CP] Check Pods Manifest.lock";
			outputPaths = (
			);
			runOnlyForDeploymentPostprocessing = 0;
			shellPath = /bin/sh;
			shellScript = "diff \"${PODS_ROOT}/../Podfile.lock\" \"${PODS_ROOT}/Manifest.lock\" > /dev/null\nif [ $? != 0 ] ; then\n    # print error to STDERR\n    echo \"error: The sandbox is not in sync with the Podfile.lock. Run 'pod install' or update your CocoaPods installation.\" >&2\n    exit 1\nfi\n";
			showEnvVarsInLog = 0;
		};
		F845589266D41A1811300812 /* [CP] Embed Pods Frameworks */ = {
			isa = PBXShellScriptBuildPhase;
			buildActionMask = 2147483647;
			files = (
			);
			inputPaths = (
			);
			name = "[CP] Embed Pods Frameworks";
			outputPaths = (
			);
			runOnlyForDeploymentPostprocessing = 0;
			shellPath = /bin/sh;
			shellScript = "\"${SRCROOT}/Pods/Target Support Files/Pods-TumblrClone/Pods-TumblrClone-frameworks.sh\"\n";
			showEnvVarsInLog = 0;
		};
/* End PBXShellScriptBuildPhase section */

/* Begin PBXSourcesBuildPhase section */
		7A6E62A51E8CA2C1003A8A24 /* Sources */ = {
			isa = PBXSourcesBuildPhase;
			buildActionMask = 2147483647;
			files = (
				BE4D17191E8CB3C200923B4E /* PhotoDetailsViewController.swift in Sources */,
				7A6E62AD1E8CA2C2003A8A24 /* AppDelegate.swift in Sources */,
				7A5E50F81E8CAB9D002B3B43 /* PhotoCell.swift in Sources */,
				7A5E50F61E8CA647002B3B43 /* PhotosViewController.swift in Sources */,
			);
			runOnlyForDeploymentPostprocessing = 0;
		};
/* End PBXSourcesBuildPhase section */

/* Begin PBXVariantGroup section */
		7A6E62B01E8CA2C2003A8A24 /* Main.storyboard */ = {
			isa = PBXVariantGroup;
			children = (
				7A6E62B11E8CA2C2003A8A24 /* Base */,
			);
			name = Main.storyboard;
			sourceTree = "<group>";
		};
		7A6E62B51E8CA2C2003A8A24 /* LaunchScreen.storyboard */ = {
			isa = PBXVariantGroup;
			children = (
				7A6E62B61E8CA2C2003A8A24 /* Base */,
			);
			name = LaunchScreen.storyboard;
			sourceTree = "<group>";
		};
/* End PBXVariantGroup section */

/* Begin XCBuildConfiguration section */
		7A6E62B91E8CA2C2003A8A24 /* Debug */ = {
			isa = XCBuildConfiguration;
			buildSettings = {
				ALWAYS_SEARCH_USER_PATHS = NO;
				CLANG_ANALYZER_NONNULL = YES;
				CLANG_CXX_LANGUAGE_STANDARD = "gnu++0x";
				CLANG_CXX_LIBRARY = "libc++";
				CLANG_ENABLE_MODULES = YES;
				CLANG_ENABLE_OBJC_ARC = YES;
				CLANG_WARN_BOOL_CONVERSION = YES;
				CLANG_WARN_CONSTANT_CONVERSION = YES;
				CLANG_WARN_DIRECT_OBJC_ISA_USAGE = YES_ERROR;
				CLANG_WARN_DOCUMENTATION_COMMENTS = YES;
				CLANG_WARN_EMPTY_BODY = YES;
				CLANG_WARN_ENUM_CONVERSION = YES;
				CLANG_WARN_INFINITE_RECURSION = YES;
				CLANG_WARN_INT_CONVERSION = YES;
				CLANG_WARN_OBJC_ROOT_CLASS = YES_ERROR;
				CLANG_WARN_SUSPICIOUS_MOVE = YES;
				CLANG_WARN_UNREACHABLE_CODE = YES;
				CLANG_WARN__DUPLICATE_METHOD_MATCH = YES;
				"CODE_SIGN_IDENTITY[sdk=iphoneos*]" = "iPhone Developer";
				COPY_PHASE_STRIP = NO;
				DEBUG_INFORMATION_FORMAT = dwarf;
				ENABLE_STRICT_OBJC_MSGSEND = YES;
				ENABLE_TESTABILITY = YES;
				GCC_C_LANGUAGE_STANDARD = gnu99;
				GCC_DYNAMIC_NO_PIC = NO;
				GCC_NO_COMMON_BLOCKS = YES;
				GCC_OPTIMIZATION_LEVEL = 0;
				GCC_PREPROCESSOR_DEFINITIONS = (
					"DEBUG=1",
					"$(inherited)",
				);
				GCC_WARN_64_TO_32_BIT_CONVERSION = YES;
				GCC_WARN_ABOUT_RETURN_TYPE = YES_ERROR;
				GCC_WARN_UNDECLARED_SELECTOR = YES;
				GCC_WARN_UNINITIALIZED_AUTOS = YES_AGGRESSIVE;
				GCC_WARN_UNUSED_FUNCTION = YES;
				GCC_WARN_UNUSED_VARIABLE = YES;
				IPHONEOS_DEPLOYMENT_TARGET = 10.2;
				MTL_ENABLE_DEBUG_INFO = YES;
				ONLY_ACTIVE_ARCH = YES;
				SDKROOT = iphoneos;
				SWIFT_ACTIVE_COMPILATION_CONDITIONS = DEBUG;
				SWIFT_OPTIMIZATION_LEVEL = "-Onone";
			};
			name = Debug;
		};
		7A6E62BA1E8CA2C2003A8A24 /* Release */ = {
			isa = XCBuildConfiguration;
			buildSettings = {
				ALWAYS_SEARCH_USER_PATHS = NO;
				CLANG_ANALYZER_NONNULL = YES;
				CLANG_CXX_LANGUAGE_STANDARD = "gnu++0x";
				CLANG_CXX_LIBRARY = "libc++";
				CLANG_ENABLE_MODULES = YES;
				CLANG_ENABLE_OBJC_ARC = YES;
				CLANG_WARN_BOOL_CONVERSION = YES;
				CLANG_WARN_CONSTANT_CONVERSION = YES;
				CLANG_WARN_DIRECT_OBJC_ISA_USAGE = YES_ERROR;
				CLANG_WARN_DOCUMENTATION_COMMENTS = YES;
				CLANG_WARN_EMPTY_BODY = YES;
				CLANG_WARN_ENUM_CONVERSION = YES;
				CLANG_WARN_INFINITE_RECURSION = YES;
				CLANG_WARN_INT_CONVERSION = YES;
				CLANG_WARN_OBJC_ROOT_CLASS = YES_ERROR;
				CLANG_WARN_SUSPICIOUS_MOVE = YES;
				CLANG_WARN_UNREACHABLE_CODE = YES;
				CLANG_WARN__DUPLICATE_METHOD_MATCH = YES;
				"CODE_SIGN_IDENTITY[sdk=iphoneos*]" = "iPhone Developer";
				COPY_PHASE_STRIP = NO;
				DEBUG_INFORMATION_FORMAT = "dwarf-with-dsym";
				ENABLE_NS_ASSERTIONS = NO;
				ENABLE_STRICT_OBJC_MSGSEND = YES;
				GCC_C_LANGUAGE_STANDARD = gnu99;
				GCC_NO_COMMON_BLOCKS = YES;
				GCC_WARN_64_TO_32_BIT_CONVERSION = YES;
				GCC_WARN_ABOUT_RETURN_TYPE = YES_ERROR;
				GCC_WARN_UNDECLARED_SELECTOR = YES;
				GCC_WARN_UNINITIALIZED_AUTOS = YES_AGGRESSIVE;
				GCC_WARN_UNUSED_FUNCTION = YES;
				GCC_WARN_UNUSED_VARIABLE = YES;
				IPHONEOS_DEPLOYMENT_TARGET = 10.2;
				MTL_ENABLE_DEBUG_INFO = NO;
				SDKROOT = iphoneos;
				SWIFT_OPTIMIZATION_LEVEL = "-Owholemodule";
				VALIDATE_PRODUCT = YES;
			};
			name = Release;
		};
		7A6E62BC1E8CA2C2003A8A24 /* Debug */ = {
			isa = XCBuildConfiguration;
			baseConfigurationReference = 091B0BFD164994C716D3A6D5 /* Pods-TumblrClone.debug.xcconfig */;
			buildSettings = {
				ASSETCATALOG_COMPILER_APPICON_NAME = AppIcon;
				INFOPLIST_FILE = TumblrClone/Info.plist;
				LD_RUNPATH_SEARCH_PATHS = "$(inherited) @executable_path/Frameworks";
				PRODUCT_BUNDLE_IDENTIFIER = com.codepath.TumblrClone;
				PRODUCT_NAME = "$(TARGET_NAME)";
				SWIFT_VERSION = 3.0;
			};
			name = Debug;
		};
		7A6E62BD1E8CA2C2003A8A24 /* Release */ = {
			isa = XCBuildConfiguration;
			baseConfigurationReference = 1A2FE4453B01B79AE42B8548 /* Pods-TumblrClone.release.xcconfig */;
			buildSettings = {
				ASSETCATALOG_COMPILER_APPICON_NAME = AppIcon;
				INFOPLIST_FILE = TumblrClone/Info.plist;
				LD_RUNPATH_SEARCH_PATHS = "$(inherited) @executable_path/Frameworks";
				PRODUCT_BUNDLE_IDENTIFIER = com.codepath.TumblrClone;
				PRODUCT_NAME = "$(TARGET_NAME)";
				SWIFT_VERSION = 3.0;
			};
			name = Release;
		};
/* End XCBuildConfiguration section */

/* Begin XCConfigurationList section */
		7A6E62A41E8CA2C1003A8A24 /* Build configuration list for PBXProject "TumblrClone" */ = {
			isa = XCConfigurationList;
			buildConfigurations = (
				7A6E62B91E8CA2C2003A8A24 /* Debug */,
				7A6E62BA1E8CA2C2003A8A24 /* Release */,
			);
			defaultConfigurationIsVisible = 0;
			defaultConfigurationName = Release;
		};
		7A6E62BB1E8CA2C2003A8A24 /* Build configuration list for PBXNativeTarget "TumblrClone" */ = {
			isa = XCConfigurationList;
			buildConfigurations = (
				7A6E62BC1E8CA2C2003A8A24 /* Debug */,
				7A6E62BD1E8CA2C2003A8A24 /* Release */,
			);
			defaultConfigurationIsVisible = 0;
			defaultConfigurationName = Release;
		};
/* End XCConfigurationList section */
	};
	rootObject = 7A6E62A11E8CA2C1003A8A24 /* Project object */;
}
